// !$*UTF8*$!
{
	archiveVersion = 1;
	classes = {
	};
	objectVersion = 46;
	objects = {

/* Begin PBXBuildFile section */
		213557D455D85A3248B15E8F /* Pods_ASVPN.framework in Frameworks */ = {isa = PBXBuildFile; fileRef = 97567059AF8F5AFED172B475 /* Pods_ASVPN.framework */; };
		8C2BF31E1CC758E300544B75 /* AppDelegate.swift in Sources */ = {isa = PBXBuildFile; fileRef = 8C2BF31D1CC758E300544B75 /* AppDelegate.swift */; };
		8C2BF3201CC758E300544B75 /* ViewController.swift in Sources */ = {isa = PBXBuildFile; fileRef = 8C2BF31F1CC758E300544B75 /* ViewController.swift */; };
		8C2BF3231CC758E400544B75 /* Main.storyboard in Resources */ = {isa = PBXBuildFile; fileRef = 8C2BF3211CC758E400544B75 /* Main.storyboard */; };
		8C2BF3251CC758E400544B75 /* Assets.xcassets in Resources */ = {isa = PBXBuildFile; fileRef = 8C2BF3241CC758E400544B75 /* Assets.xcassets */; };
		8C2BF3281CC758E400544B75 /* LaunchScreen.storyboard in Resources */ = {isa = PBXBuildFile; fileRef = 8C2BF3261CC758E400544B75 /* LaunchScreen.storyboard */; };
		8C2BF3551CC8DB3C00544B75 /* VPNModel.swift in Sources */ = {isa = PBXBuildFile; fileRef = 8C2BF3541CC8DB3C00544B75 /* VPNModel.swift */; };
/* End PBXBuildFile section */

/* Begin PBXFileReference section */
		283D66F1C7E924EA15752F9B /* Pods-ASVPN.release.xcconfig */ = {isa = PBXFileReference; includeInIndex = 1; lastKnownFileType = text.xcconfig; name = "Pods-ASVPN.release.xcconfig"; path = "Pods/Target Support Files/Pods-ASVPN/Pods-ASVPN.release.xcconfig"; sourceTree = "<group>"; };
		8C2BF31A1CC758E300544B75 /* ASVPN.app */ = {isa = PBXFileReference; explicitFileType = wrapper.application; includeInIndex = 0; path = ASVPN.app; sourceTree = BUILT_PRODUCTS_DIR; };
		8C2BF31D1CC758E300544B75 /* AppDelegate.swift */ = {isa = PBXFileReference; lastKnownFileType = sourcecode.swift; path = AppDelegate.swift; sourceTree = "<group>"; };
		8C2BF31F1CC758E300544B75 /* ViewController.swift */ = {isa = PBXFileReference; lastKnownFileType = sourcecode.swift; path = ViewController.swift; sourceTree = "<group>"; };
		8C2BF3221CC758E400544B75 /* Base */ = {isa = PBXFileReference; lastKnownFileType = file.storyboard; name = Base; path = Base.lproj/Main.storyboard; sourceTree = "<group>"; };
		8C2BF3241CC758E400544B75 /* Assets.xcassets */ = {isa = PBXFileReference; lastKnownFileType = folder.assetcatalog; path = Assets.xcassets; sourceTree = "<group>"; };
		8C2BF3271CC758E400544B75 /* Base */ = {isa = PBXFileReference; lastKnownFileType = file.storyboard; name = Base; path = Base.lproj/LaunchScreen.storyboard; sourceTree = "<group>"; };
		8C2BF3291CC758E400544B75 /* Info.plist */ = {isa = PBXFileReference; lastKnownFileType = text.plist.xml; path = Info.plist; sourceTree = "<group>"; };
		8C2BF3541CC8DB3C00544B75 /* VPNModel.swift */ = {isa = PBXFileReference; fileEncoding = 4; lastKnownFileType = sourcecode.swift; path = VPNModel.swift; sourceTree = "<group>"; };
		97567059AF8F5AFED172B475 /* Pods_ASVPN.framework */ = {isa = PBXFileReference; explicitFileType = wrapper.framework; includeInIndex = 0; path = Pods_ASVPN.framework; sourceTree = BUILT_PRODUCTS_DIR; };
		CE7DF4F4265FB2939EB9D999 /* Pods-ASVPN.debug.xcconfig */ = {isa = PBXFileReference; includeInIndex = 1; lastKnownFileType = text.xcconfig; name = "Pods-ASVPN.debug.xcconfig"; path = "Pods/Target Support Files/Pods-ASVPN/Pods-ASVPN.debug.xcconfig"; sourceTree = "<group>"; };
/* End PBXFileReference section */

/* Begin PBXFrameworksBuildPhase section */
		8C2BF3171CC758E300544B75 /* Frameworks */ = {
			isa = PBXFrameworksBuildPhase;
			buildActionMask = 2147483647;
			files = (
				213557D455D85A3248B15E8F /* Pods_ASVPN.framework in Frameworks */,
			);
			runOnlyForDeploymentPostprocessing = 0;
		};
/* End PBXFrameworksBuildPhase section */

/* Begin PBXGroup section */
		25EDC3554114B8916F2D9D01 /* Pods */ = {
			isa = PBXGroup;
			children = (
				CE7DF4F4265FB2939EB9D999 /* Pods-ASVPN.debug.xcconfig */,
				283D66F1C7E924EA15752F9B /* Pods-ASVPN.release.xcconfig */,
			);
			name = Pods;
			sourceTree = "<group>";
		};
		558818E9794AC0B17047F1BE /* Frameworks */ = {
			isa = PBXGroup;
			children = (
				97567059AF8F5AFED172B475 /* Pods_ASVPN.framework */,
			);
			name = Frameworks;
			sourceTree = "<group>";
		};
		8C2BF3111CC758E300544B75 = {
			isa = PBXGroup;
			children = (
				8C2BF31C1CC758E300544B75 /* ASVPN */,
				8C2BF31B1CC758E300544B75 /* Products */,
				25EDC3554114B8916F2D9D01 /* Pods */,
				558818E9794AC0B17047F1BE /* Frameworks */,
			);
			sourceTree = "<group>";
		};
		8C2BF31B1CC758E300544B75 /* Products */ = {
			isa = PBXGroup;
			children = (
				8C2BF31A1CC758E300544B75 /* ASVPN.app */,
			);
			name = Products;
			sourceTree = "<group>";
		};
		8C2BF31C1CC758E300544B75 /* ASVPN */ = {
			isa = PBXGroup;
			children = (
				8C2BF31D1CC758E300544B75 /* AppDelegate.swift */,
				8C2BF3541CC8DB3C00544B75 /* VPNModel.swift */,
				8C2BF31F1CC758E300544B75 /* ViewController.swift */,
				8C2BF3211CC758E400544B75 /* Main.storyboard */,
				8C2BF3241CC758E400544B75 /* Assets.xcassets */,
				8C2BF3261CC758E400544B75 /* LaunchScreen.storyboard */,
				8C2BF3291CC758E400544B75 /* Info.plist */,
			);
			path = ASVPN;
			sourceTree = "<group>";
		};
/* End PBXGroup section */

/* Begin PBXNativeTarget section */
		8C2BF3191CC758E300544B75 /* ASVPN */ = {
			isa = PBXNativeTarget;
			buildConfigurationList = 8C2BF32C1CC758E400544B75 /* Build configuration list for PBXNativeTarget "ASVPN" */;
			buildPhases = (
				6BF4330BD8052D02D5E292DD /* [CP] Check Pods Manifest.lock */,
				8C2BF3161CC758E300544B75 /* Sources */,
				8C2BF3171CC758E300544B75 /* Frameworks */,
				8C2BF3181CC758E300544B75 /* Resources */,
				80A3F72EF0AD66B682408E9B /* [CP] Embed Pods Frameworks */,
				3F25CF20BE3448D26915D0FC /* [CP] Copy Pods Resources */,
			);
			buildRules = (
			);
			dependencies = (
			);
			name = ASVPN;
			productName = ASVPN;
			productReference = 8C2BF31A1CC758E300544B75 /* ASVPN.app */;
			productType = "com.apple.product-type.application";
		};
/* End PBXNativeTarget section */

/* Begin PBXProject section */
		8C2BF3121CC758E300544B75 /* Project object */ = {
			isa = PBXProject;
			attributes = {
				LastSwiftUpdateCheck = 0730;
				LastUpgradeCheck = 0730;
				ORGANIZATIONNAME = Ashen;
				TargetAttributes = {
					8C2BF3191CC758E300544B75 = {
						CreatedOnToolsVersion = 7.3;
						DevelopmentTeam = 353VG9J352;
						LastSwiftMigration = 0810;
						ProvisioningStyle = Automatic;
					};
				};
			};
			buildConfigurationList = 8C2BF3151CC758E300544B75 /* Build configuration list for PBXProject "ASVPN" */;
			compatibilityVersion = "Xcode 3.2";
			developmentRegion = English;
			hasScannedForEncodings = 0;
			knownRegions = (
				en,
				Base,
			);
			mainGroup = 8C2BF3111CC758E300544B75;
			productRefGroup = 8C2BF31B1CC758E300544B75 /* Products */;
			projectDirPath = "";
			projectRoot = "";
			targets = (
				8C2BF3191CC758E300544B75 /* ASVPN */,
			);
		};
/* End PBXProject section */

/* Begin PBXResourcesBuildPhase section */
		8C2BF3181CC758E300544B75 /* Resources */ = {
			isa = PBXResourcesBuildPhase;
			buildActionMask = 2147483647;
			files = (
				8C2BF3281CC758E400544B75 /* LaunchScreen.storyboard in Resources */,
				8C2BF3251CC758E400544B75 /* Assets.xcassets in Resources */,
				8C2BF3231CC758E400544B75 /* Main.storyboard in Resources */,
			);
			runOnlyForDeploymentPostprocessing = 0;
		};
/* End PBXResourcesBuildPhase section */

/* Begin PBXShellScriptBuildPhase section */
		3F25CF20BE3448D26915D0FC /* [CP] Copy Pods Resources */ = {
			isa = PBXShellScriptBuildPhase;
			buildActionMask = 2147483647;
			files = (
			);
			inputPaths = (
			);
			name = "[CP] Copy Pods Resources";
			outputPaths = (
			);
			runOnlyForDeploymentPostprocessing = 0;
			shellPath = /bin/sh;
			shellScript = "\"${SRCROOT}/Pods/Target Support Files/Pods-ASVPN/Pods-ASVPN-resources.sh\"\n";
			showEnvVarsInLog = 0;
		};
		6BF4330BD8052D02D5E292DD /* [CP] Check Pods Manifest.lock */ = {
			isa = PBXShellScriptBuildPhase;
			buildActionMask = 2147483647;
			files = (
			);
			inputPaths = (
			);
			name = "[CP] Check Pods Manifest.lock";
			outputPaths = (
			);
			runOnlyForDeploymentPostprocessing = 0;
			shellPath = /bin/sh;
			shellScript = "diff \"${PODS_ROOT}/../Podfile.lock\" \"${PODS_ROOT}/Manifest.lock\" > /dev/null\nif [ $? != 0 ] ; then\n    # print error to STDERR\n    echo \"error: The sandbox is not in sync with the Podfile.lock. Run 'pod install' or update your CocoaPods installation.\" >&2\n    exit 1\nfi\n";
			showEnvVarsInLog = 0;
		};
		80A3F72EF0AD66B682408E9B /* [CP] Embed Pods Frameworks */ = {
			isa = PBXShellScriptBuildPhase;
			buildActionMask = 2147483647;
			files = (
			);
			inputPaths = (
			);
			name = "[CP] Embed Pods Frameworks";
			outputPaths = (
			);
			runOnlyForDeploymentPostprocessing = 0;
			shellPath = /bin/sh;
			shellScript = "\"${SRCROOT}/Pods/Target Support Files/Pods-ASVPN/Pods-ASVPN-frameworks.sh\"\n";
			showEnvVarsInLog = 0;
		};
/* End PBXShellScriptBuildPhase section */

/* Begin PBXSourcesBuildPhase section */
		8C2BF3161CC758E300544B75 /* Sources */ = {
			isa = PBXSourcesBuildPhase;
			buildActionMask = 2147483647;
			files = (
				8C2BF3551CC8DB3C00544B75 /* VPNModel.swift in Sources */,
				8C2BF3201CC758E300544B75 /* ViewController.swift in Sources */,
				8C2BF31E1CC758E300544B75 /* AppDelegate.swift in Sources */,
			);
			runOnlyForDeploymentPostprocessing = 0;
		};
/* End PBXSourcesBuildPhase section */

/* Begin PBXVariantGroup section */
		8C2BF3211CC758E400544B75 /* Main.storyboard */ = {
			isa = PBXVariantGroup;
			children = (
				8C2BF3221CC758E400544B75 /* Base */,
			);
			name = Main.storyboard;
			sourceTree = "<group>";
		};
		8C2BF3261CC758E400544B75 /* LaunchScreen.storyboard */ = {
			isa = PBXVariantGroup;
			children = (
				8C2BF3271CC758E400544B75 /* Base */,
			);
			name = LaunchScreen.storyboard;
			sourceTree = "<group>";
		};
/* End PBXVariantGroup section */

/* Begin XCBuildConfiguration section */
		8C2BF32A1CC758E400544B75 /* Debug */ = {
			isa = XCBuildConfiguration;
			buildSettings = {
				ALWAYS_SEARCH_USER_PATHS = NO;
				CLANG_ANALYZER_NONNULL = YES;
				CLANG_CXX_LANGUAGE_STANDARD = "gnu++0x";
				CLANG_CXX_LIBRARY = "libc++";
				CLANG_ENABLE_MODULES = YES;
				CLANG_ENABLE_OBJC_ARC = YES;
				CLANG_WARN_BOOL_CONVERSION = YES;
				CLANG_WARN_CONSTANT_CONVERSION = YES;
				CLANG_WARN_DIRECT_OBJC_ISA_USAGE = YES_ERROR;
				CLANG_WARN_EMPTY_BODY = YES;
				CLANG_WARN_ENUM_CONVERSION = YES;
				CLANG_WARN_INT_CONVERSION = YES;
				CLANG_WARN_OBJC_ROOT_CLASS = YES_ERROR;
				CLANG_WARN_UNREACHABLE_CODE = YES;
				CLANG_WARN__DUPLICATE_METHOD_MATCH = YES;
				"CODE_SIGN_IDENTITY[sdk=iphoneos*]" = "iPhone Developer";
				COPY_PHASE_STRIP = NO;
				DEBUG_INFORMATION_FORMAT = dwarf;
				ENABLE_STRICT_OBJC_MSGSEND = YES;
				ENABLE_TESTABILITY = YES;
				GCC_C_LANGUAGE_STANDARD = gnu99;
				GCC_DYNAMIC_NO_PIC = NO;
				GCC_NO_COMMON_BLOCKS = YES;
				GCC_OPTIMIZATION_LEVEL = 0;
				GCC_PREPROCESSOR_DEFINITIONS = (
					"DEBUG=1",
					"$(inherited)",
				);
				GCC_WARN_64_TO_32_BIT_CONVERSION = YES;
				GCC_WARN_ABOUT_RETURN_TYPE = YES_ERROR;
				GCC_WARN_UNDECLARED_SELECTOR = YES;
				GCC_WARN_UNINITIALIZED_AUTOS = YES_AGGRESSIVE;
				GCC_WARN_UNUSED_FUNCTION = YES;
				GCC_WARN_UNUSED_VARIABLE = YES;
				IPHONEOS_DEPLOYMENT_TARGET = 9.3;
				MTL_ENABLE_DEBUG_INFO = YES;
				ONLY_ACTIVE_ARCH = YES;
				SDKROOT = iphoneos;
				SWIFT_OPTIMIZATION_LEVEL = "-Onone";
				TARGETED_DEVICE_FAMILY = "1,2";
			};
			name = Debug;
		};
		8C2BF32B1CC758E400544B75 /* Release */ = {
			isa = XCBuildConfiguration;
			buildSettings = {
				ALWAYS_SEARCH_USER_PATHS = NO;
				CLANG_ANALYZER_NONNULL = YES;
				CLANG_CXX_LANGUAGE_STANDARD = "gnu++0x";
				CLANG_CXX_LIBRARY = "libc++";
				CLANG_ENABLE_MODULES = YES;
				CLANG_ENABLE_OBJC_ARC = YES;
				CLANG_WARN_BOOL_CONVERSION = YES;
				CLANG_WARN_CONSTANT_CONVERSION = YES;
				CLANG_WARN_DIRECT_OBJC_ISA_USAGE = YES_ERROR;
				CLANG_WARN_EMPTY_BODY = YES;
				CLANG_WARN_ENUM_CONVERSION = YES;
				CLANG_WARN_INT_CONVERSION = YES;
				CLANG_WARN_OBJC_ROOT_CLASS = YES_ERROR;
				CLANG_WARN_UNREACHABLE_CODE = YES;
				CLANG_WARN__DUPLICATE_METHOD_MATCH = YES;
				"CODE_SIGN_IDENTITY[sdk=iphoneos*]" = "iPhone Developer";
				COPY_PHASE_STRIP = NO;
				DEBUG_INFORMATION_FORMAT = "dwarf-with-dsym";
				ENABLE_NS_ASSERTIONS = NO;
				ENABLE_STRICT_OBJC_MSGSEND = YES;
				GCC_C_LANGUAGE_STANDARD = gnu99;
				GCC_NO_COMMON_BLOCKS = YES;
				GCC_WARN_64_TO_32_BIT_CONVERSION = YES;
				GCC_WARN_ABOUT_RETURN_TYPE = YES_ERROR;
				GCC_WARN_UNDECLARED_SELECTOR = YES;
				GCC_WARN_UNINITIALIZED_AUTOS = YES_AGGRESSIVE;
				GCC_WARN_UNUSED_FUNCTION = YES;
				GCC_WARN_UNUSED_VARIABLE = YES;
				IPHONEOS_DEPLOYMENT_TARGET = 9.3;
				MTL_ENABLE_DEBUG_INFO = NO;
				SDKROOT = iphoneos;
				TARGETED_DEVICE_FAMILY = "1,2";
				VALIDATE_PRODUCT = YES;
			};
			name = Release;
		};
		8C2BF32D1CC758E400544B75 /* Debug */ = {
			isa = XCBuildConfiguration;
			baseConfigurationReference = CE7DF4F4265FB2939EB9D999 /* Pods-ASVPN.debug.xcconfig */;
			buildSettings = {
				ASSETCATALOG_COMPILER_APPICON_NAME = AppIcon;
				"CODE_SIGN_IDENTITY[sdk=iphoneos*]" = "iPhone Developer";
				DEVELOPMENT_TEAM = 353VG9J352;
				INFOPLIST_FILE = ASVPN/Info.plist;
				IPHONEOS_DEPLOYMENT_TARGET = 8.1;
				LD_RUNPATH_SEARCH_PATHS = "$(inherited) @executable_path/Frameworks";
				PRODUCT_BUNDLE_IDENTIFIER = com.ashen.vpn;
				PRODUCT_NAME = "$(TARGET_NAME)";
				SWIFT_VERSION = 3.0;
			};
			name = Debug;
		};
		8C2BF32E1CC758E400544B75 /* Release */ = {
			isa = XCBuildConfiguration;
			baseConfigurationReference = 283D66F1C7E924EA15752F9B /* Pods-ASVPN.release.xcconfig */;
			buildSettings = {
				ASSETCATALOG_COMPILER_APPICON_NAME = AppIcon;
				"CODE_SIGN_IDENTITY[sdk=iphoneos*]" = "iPhone Developer";
				DEVELOPMENT_TEAM = 353VG9J352;
				INFOPLIST_FILE = ASVPN/Info.plist;
				IPHONEOS_DEPLOYMENT_TARGET = 8.1;
				LD_RUNPATH_SEARCH_PATHS = "$(inherited) @executable_path/Frameworks";
				PRODUCT_BUNDLE_IDENTIFIER = com.ashen.vpn;
				PRODUCT_NAME = "$(TARGET_NAME)";
				SWIFT_VERSION = 3.0;
			};
			name = Release;
		};
/* End XCBuildConfiguration section */

/* Begin XCConfigurationList section */
		8C2BF3151CC758E300544B75 /* Build configuration list for PBXProject "ASVPN" */ = {
			isa = XCConfigurationList;
			buildConfigurations = (
				8C2BF32A1CC758E400544B75 /* Debug */,
				8C2BF32B1CC758E400544B75 /* Release */,
			);
			defaultConfigurationIsVisible = 0;
			defaultConfigurationName = Release;
		};
		8C2BF32C1CC758E400544B75 /* Build configuration list for PBXNativeTarget "ASVPN" */ = {
			isa = XCConfigurationList;
			buildConfigurations = (
				8C2BF32D1CC758E400544B75 /* Debug */,
				8C2BF32E1CC758E400544B75 /* Release */,
			);
			defaultConfigurationIsVisible = 0;
			defaultConfigurationName = Release;
		};
/* End XCConfigurationList section */
	};
	rootObject = 8C2BF3121CC758E300544B75 /* Project object */;
}
